
Microsoft Visual Studio Solution File, Format Version 12.00
Project("{FAE04EC0-301F-11D3-BF4B-00C04F79EFBC}") = "M05_Logging", "M05_Logging\M05_Logging.csproj", "{B8E866D5-8CB0-4BF1-A3C0-A041C35F3A4F}"
EndProject
Project("{FAE04EC0-301F-11D3-BF4B-00C04F79EFBC}") = "Parser", "Parser\Parser.csproj", "{C8F37D7C-FDD5-412D-8C53-63C2369EF9ED}"
EndProject
Global
	GlobalSection(SolutionConfigurationPlatforms) = preSolution
		Debug|Any CPU = Debug|Any CPU
		Release|Any CPU = Release|Any CPU
	EndGlobalSection
	GlobalSection(ProjectConfigurationPlatforms) = postSolution
		{B8E866D5-8CB0-4BF1-A3C0-A041C35F3A4F}.Debug|Any CPU.ActiveCfg = Debug|Any CPU
		{B8E866D5-8CB0-4BF1-A3C0-A041C35F3A4F}.Debug|Any CPU.Build.0 = Debug|Any CPU
		{B8E866D5-8CB0-4BF1-A3C0-A041C35F3A4F}.Release|Any CPU.ActiveCfg = Release|Any CPU
		{B8E866D5-8CB0-4BF1-A3C0-A041C35F3A4F}.Release|Any CPU.Build.0 = Release|Any CPU
		{C8F37D7C-FDD5-412D-8C53-63C2369EF9ED}.Debug|Any CPU.ActiveCfg = Debug|Any CPU
		{C8F37D7C-FDD5-412D-8C53-63C2369EF9ED}.Debug|Any CPU.Build.0 = Debug|Any CPU
		{C8F37D7C-FDD5-412D-8C53-63C2369EF9ED}.Release|Any CPU.ActiveCfg = Release|Any CPU
		{C8F37D7C-FDD5-412D-8C53-63C2369EF9ED}.Release|Any CPU.Build.0 = Release|Any CPU
	EndGlobalSection
EndGlobal
